
Microsoft Visual Studio Solution File, Format Version 12.00
# Visual Studio Version 17
VisualStudioVersion = 17.0.31903.59
MinimumVisualStudioVersion = 10.0.40219.1
Project("{FAE04EC0-301F-11D3-BF4B-00C04F79EFBC}") = "Domein", "Domein\Domein.csproj", "{B8FCF096-E5CD-4866-9929-978246B42D4A}"
EndProject
Project("{FAE04EC0-301F-11D3-BF4B-00C04F79EFBC}") = "Infrastructure", "Infrastructure\Infrastructure.csproj", "{882D0011-B4AB-47F7-B046-BF99FDED9201}"
EndProject
Project("{FAE04EC0-301F-11D3-BF4B-00C04F79EFBC}") = "MainApp", "MainApp\MainApp.csproj", "{B8532A91-7403-45EC-94BB-D2EECCD179F0}"
EndProject
Global
	GlobalSection(SolutionConfigurationPlatforms) = preSolution
		Debug|Any CPU = Debug|Any CPU
		Release|Any CPU = Release|Any CPU
	EndGlobalSection
	GlobalSection(SolutionProperties) = preSolution
		HideSolutionNode = FALSE
	EndGlobalSection
	GlobalSection(ProjectConfigurationPlatforms) = postSolution
		{B8FCF096-E5CD-4866-9929-978246B42D4A}.Debug|Any CPU.ActiveCfg = Debug|Any CPU
		{B8FCF096-E5CD-4866-9929-978246B42D4A}.Debug|Any CPU.Build.0 = Debug|Any CPU
		{B8FCF096-E5CD-4866-9929-978246B42D4A}.Release|Any CPU.ActiveCfg = Release|Any CPU
		{B8FCF096-E5CD-4866-9929-978246B42D4A}.Release|Any CPU.Build.0 = Release|Any CPU
		{882D0011-B4AB-47F7-B046-BF99FDED9201}.Debug|Any CPU.ActiveCfg = Debug|Any CPU
		{882D0011-B4AB-47F7-B046-BF99FDED9201}.Debug|Any CPU.Build.0 = Debug|Any CPU
		{882D0011-B4AB-47F7-B046-BF99FDED9201}.Release|Any CPU.ActiveCfg = Release|Any CPU
		{882D0011-B4AB-47F7-B046-BF99FDED9201}.Release|Any CPU.Build.0 = Release|Any CPU
		{B8532A91-7403-45EC-94BB-D2EECCD179F0}.Debug|Any CPU.ActiveCfg = Debug|Any CPU
		{B8532A91-7403-45EC-94BB-D2EECCD179F0}.Debug|Any CPU.Build.0 = Debug|Any CPU
		{B8532A91-7403-45EC-94BB-D2EECCD179F0}.Release|Any CPU.ActiveCfg = Release|Any CPU
		{B8532A91-7403-45EC-94BB-D2EECCD179F0}.Release|Any CPU.Build.0 = Release|Any CPU
	EndGlobalSection
EndGlobal
